
Microsoft Visual Studio Solution File, Format Version 12.00
# Visual Studio Version 16
VisualStudioVersion = 16.0.30011.22
MinimumVisualStudioVersion = 10.0.40219.1
Project("{FAE04EC0-301F-11D3-BF4B-00C04F79EFBC}") = "ConsoleApp1", "ConsoleApp1.csproj", "{9AE01FEF-59AD-43CF-B5B4-F626146A4F82}"
EndProject
Global
	GlobalSection(SolutionConfigurationPlatforms) = preSolution
		Debug|Any CPU = Debug|Any CPU
		Release|Any CPU = Release|Any CPU
	EndGlobalSection
	GlobalSection(ProjectConfigurationPlatforms) = postSolution
		{9AE01FEF-59AD-43CF-B5B4-F626146A4F82}.Debug|Any CPU.ActiveCfg = Debug|Any CPU
		{9AE01FEF-59AD-43CF-B5B4-F626146A4F82}.Debug|Any CPU.Build.0 = Debug|Any CPU
		{9AE01FEF-59AD-43CF-B5B4-F626146A4F82}.Release|Any CPU.ActiveCfg = Release|Any CPU
		{9AE01FEF-59AD-43CF-B5B4-F626146A4F82}.Release|Any CPU.Build.0 = Release|Any CPU
	EndGlobalSection
	GlobalSection(SolutionProperties) = preSolution
		HideSolutionNode = FALSE
	EndGlobalSection
	GlobalSection(ExtensibilityGlobals) = postSolution
		SolutionGuid = {02CE1464-801A-4A3C-A886-898B314BB339}
	EndGlobalSection
EndGlobal
