
Microsoft Visual Studio Solution File, Format Version 12.00
# Visual Studio Version 16
VisualStudioVersion = 16.0.29509.3
MinimumVisualStudioVersion = 10.0.40219.1
Project("{FAE04EC0-301F-11D3-BF4B-00C04F79EFBC}") = "Lab2.1", "Lab2.1.csproj", "{9E2BF776-53D4-4002-8EBB-1B64C5EB1E92}"
EndProject
Global
	GlobalSection(SolutionConfigurationPlatforms) = preSolution
		Debug|Any CPU = Debug|Any CPU
		Release|Any CPU = Release|Any CPU
	EndGlobalSection
	GlobalSection(ProjectConfigurationPlatforms) = postSolution
		{9E2BF776-53D4-4002-8EBB-1B64C5EB1E92}.Debug|Any CPU.ActiveCfg = Debug|Any CPU
		{9E2BF776-53D4-4002-8EBB-1B64C5EB1E92}.Debug|Any CPU.Build.0 = Debug|Any CPU
		{9E2BF776-53D4-4002-8EBB-1B64C5EB1E92}.Release|Any CPU.ActiveCfg = Release|Any CPU
		{9E2BF776-53D4-4002-8EBB-1B64C5EB1E92}.Release|Any CPU.Build.0 = Release|Any CPU
	EndGlobalSection
	GlobalSection(SolutionProperties) = preSolution
		HideSolutionNode = FALSE
	EndGlobalSection
	GlobalSection(ExtensibilityGlobals) = postSolution
		SolutionGuid = {D733693F-DB24-4518-BDF7-D4424AAF26C8}
	EndGlobalSection
EndGlobal
